// !$*UTF8*$!
{
	archiveVersion = 1;
	classes = {
	};
	objectVersion = 55;
	objects = {

/* Begin PBXBuildFile section */
		1275400B284A6A7B0082B208 /* MetadataExplorerApp.swift in Sources */ = {isa = PBXBuildFile; fileRef = 1275400A284A6A7B0082B208 /* MetadataExplorerApp.swift */; };
		1275400D284A6A7B0082B208 /* ContentView.swift in Sources */ = {isa = PBXBuildFile; fileRef = 1275400C284A6A7B0082B208 /* ContentView.swift */; };
		1275400F284A6A7D0082B208 /* Assets.xcassets in Resources */ = {isa = PBXBuildFile; fileRef = 1275400E284A6A7D0082B208 /* Assets.xcassets */; };
		12754012284A6A7D0082B208 /* Preview Assets.xcassets in Resources */ = {isa = PBXBuildFile; fileRef = 12754011284A6A7D0082B208 /* Preview Assets.xcassets */; };
		1275401A284A6D080082B208 /* MetadataRetrieval.swift in Sources */ = {isa = PBXBuildFile; fileRef = 12754019284A6D080082B208 /* MetadataRetrieval.swift */; };
		1275401C284A71D20082B208 /* MetadataStore.swift in Sources */ = {isa = PBXBuildFile; fileRef = 1275401B284A71D20082B208 /* MetadataStore.swift */; };
		1275401E284A73440082B208 /* Metadata.swift in Sources */ = {isa = PBXBuildFile; fileRef = 1275401D284A73440082B208 /* Metadata.swift */; };
		12754022284A787C0082B208 /* String+RegExSplit.swift in Sources */ = {isa = PBXBuildFile; fileRef = 12754021284A787C0082B208 /* String+RegExSplit.swift */; };
		12C3DEFE284B7E8B00893B1A /* ContentCell.swift in Sources */ = {isa = PBXBuildFile; fileRef = 12C3DEFD284B7E8B00893B1A /* ContentCell.swift */; };
		12C3DF00284BB1CF00893B1A /* WrappingHStack.swift in Sources */ = {isa = PBXBuildFile; fileRef = 12C3DEFF284BB1CF00893B1A /* WrappingHStack.swift */; };
/* End PBXBuildFile section */

/* Begin PBXFileReference section */
		12754007284A6A7B0082B208 /* MetadataExplorer.app */ = {isa = PBXFileReference; explicitFileType = wrapper.application; includeInIndex = 0; path = MetadataExplorer.app; sourceTree = BUILT_PRODUCTS_DIR; };
		1275400A284A6A7B0082B208 /* MetadataExplorerApp.swift */ = {isa = PBXFileReference; lastKnownFileType = sourcecode.swift; path = MetadataExplorerApp.swift; sourceTree = "<group>"; };
		1275400C284A6A7B0082B208 /* ContentView.swift */ = {isa = PBXFileReference; lastKnownFileType = sourcecode.swift; path = ContentView.swift; sourceTree = "<group>"; };
		1275400E284A6A7D0082B208 /* Assets.xcassets */ = {isa = PBXFileReference; lastKnownFileType = folder.assetcatalog; path = Assets.xcassets; sourceTree = "<group>"; };
		12754011284A6A7D0082B208 /* Preview Assets.xcassets */ = {isa = PBXFileReference; lastKnownFileType = folder.assetcatalog; path = "Preview Assets.xcassets"; sourceTree = "<group>"; };
		12754013284A6A7D0082B208 /* MetadataExplorer.entitlements */ = {isa = PBXFileReference; lastKnownFileType = text.plist.entitlements; path = MetadataExplorer.entitlements; sourceTree = "<group>"; };
		12754019284A6D080082B208 /* MetadataRetrieval.swift */ = {isa = PBXFileReference; lastKnownFileType = sourcecode.swift; path = MetadataRetrieval.swift; sourceTree = "<group>"; };
		1275401B284A71D20082B208 /* MetadataStore.swift */ = {isa = PBXFileReference; lastKnownFileType = sourcecode.swift; path = MetadataStore.swift; sourceTree = "<group>"; };
		1275401D284A73440082B208 /* Metadata.swift */ = {isa = PBXFileReference; lastKnownFileType = sourcecode.swift; path = Metadata.swift; sourceTree = "<group>"; };
		12754021284A787C0082B208 /* String+RegExSplit.swift */ = {isa = PBXFileReference; lastKnownFileType = sourcecode.swift; path = "String+RegExSplit.swift"; sourceTree = "<group>"; };
		12C3DEFD284B7E8B00893B1A /* ContentCell.swift */ = {isa = PBXFileReference; lastKnownFileType = sourcecode.swift; path = ContentCell.swift; sourceTree = "<group>"; };
		12C3DEFF284BB1CF00893B1A /* WrappingHStack.swift */ = {isa = PBXFileReference; lastKnownFileType = sourcecode.swift; path = WrappingHStack.swift; sourceTree = "<group>"; };
/* End PBXFileReference section */

/* Begin PBXFrameworksBuildPhase section */
		12754004284A6A7B0082B208 /* Frameworks */ = {
			isa = PBXFrameworksBuildPhase;
			buildActionMask = 2147483647;
			files = (
			);
			runOnlyForDeploymentPostprocessing = 0;
		};
/* End PBXFrameworksBuildPhase section */

/* Begin PBXGroup section */
		12753FFE284A6A7B0082B208 = {
			isa = PBXGroup;
			children = (
				12754009284A6A7B0082B208 /* MetadataExplorer */,
				12754008284A6A7B0082B208 /* Products */,
			);
			sourceTree = "<group>";
		};
		12754008284A6A7B0082B208 /* Products */ = {
			isa = PBXGroup;
			children = (
				12754007284A6A7B0082B208 /* MetadataExplorer.app */,
			);
			name = Products;
			sourceTree = "<group>";
		};
		12754009284A6A7B0082B208 /* MetadataExplorer */ = {
			isa = PBXGroup;
			children = (
				12754021284A787C0082B208 /* String+RegExSplit.swift */,
				12C3DEFF284BB1CF00893B1A /* WrappingHStack.swift */,
				1275400A284A6A7B0082B208 /* MetadataExplorerApp.swift */,
				12754019284A6D080082B208 /* MetadataRetrieval.swift */,
				1275401B284A71D20082B208 /* MetadataStore.swift */,
				1275401D284A73440082B208 /* Metadata.swift */,
				1275400C284A6A7B0082B208 /* ContentView.swift */,
				12C3DEFD284B7E8B00893B1A /* ContentCell.swift */,
				1275400E284A6A7D0082B208 /* Assets.xcassets */,
				12754013284A6A7D0082B208 /* MetadataExplorer.entitlements */,
				12754010284A6A7D0082B208 /* Preview Content */,
			);
			path = MetadataExplorer;
			sourceTree = "<group>";
		};
		12754010284A6A7D0082B208 /* Preview Content */ = {
			isa = PBXGroup;
			children = (
				12754011284A6A7D0082B208 /* Preview Assets.xcassets */,
			);
			path = "Preview Content";
			sourceTree = "<group>";
		};
/* End PBXGroup section */

/* Begin PBXNativeTarget section */
		12754006284A6A7B0082B208 /* MetadataExplorer */ = {
			isa = PBXNativeTarget;
			buildConfigurationList = 12754016284A6A7D0082B208 /* Build configuration list for PBXNativeTarget "MetadataExplorer" */;
			buildPhases = (
				12754003284A6A7B0082B208 /* Sources */,
				12754004284A6A7B0082B208 /* Frameworks */,
				12754005284A6A7B0082B208 /* Resources */,
			);
			buildRules = (
			);
			dependencies = (
			);
			name = MetadataExplorer;
			productName = MetadataExplorer;
			productReference = 12754007284A6A7B0082B208 /* MetadataExplorer.app */;
			productType = "com.apple.product-type.application";
		};
/* End PBXNativeTarget section */

/* Begin PBXProject section */
		12753FFF284A6A7B0082B208 /* Project object */ = {
			isa = PBXProject;
			attributes = {
				BuildIndependentTargetsInParallel = 1;
				LastSwiftUpdateCheck = 1330;
				LastUpgradeCheck = 1330;
				TargetAttributes = {
					12754006284A6A7B0082B208 = {
						CreatedOnToolsVersion = 13.3;
					};
				};
			};
			buildConfigurationList = 12754002284A6A7B0082B208 /* Build configuration list for PBXProject "MetadataExplorer" */;
			compatibilityVersion = "Xcode 13.0";
			developmentRegion = en;
			hasScannedForEncodings = 0;
			knownRegions = (
				en,
				Base,
			);
			mainGroup = 12753FFE284A6A7B0082B208;
			productRefGroup = 12754008284A6A7B0082B208 /* Products */;
			projectDirPath = "";
			projectRoot = "";
			targets = (
				12754006284A6A7B0082B208 /* MetadataExplorer */,
			);
		};
/* End PBXProject section */

/* Begin PBXResourcesBuildPhase section */
		12754005284A6A7B0082B208 /* Resources */ = {
			isa = PBXResourcesBuildPhase;
			buildActionMask = 2147483647;
			files = (
				12754012284A6A7D0082B208 /* Preview Assets.xcassets in Resources */,
				1275400F284A6A7D0082B208 /* Assets.xcassets in Resources */,
			);
			runOnlyForDeploymentPostprocessing = 0;
		};
/* End PBXResourcesBuildPhase section */

/* Begin PBXSourcesBuildPhase section */
		12754003284A6A7B0082B208 /* Sources */ = {
			isa = PBXSourcesBuildPhase;
			buildActionMask = 2147483647;
			files = (
				1275401C284A71D20082B208 /* MetadataStore.swift in Sources */,
				12C3DEFE284B7E8B00893B1A /* ContentCell.swift in Sources */,
				1275400D284A6A7B0082B208 /* ContentView.swift in Sources */,
				1275401E284A73440082B208 /* Metadata.swift in Sources */,
				1275401A284A6D080082B208 /* MetadataRetrieval.swift in Sources */,
				12C3DF00284BB1CF00893B1A /* WrappingHStack.swift in Sources */,
				1275400B284A6A7B0082B208 /* MetadataExplorerApp.swift in Sources */,
				12754022284A787C0082B208 /* String+RegExSplit.swift in Sources */,
			);
			runOnlyForDeploymentPostprocessing = 0;
		};
/* End PBXSourcesBuildPhase section */

/* Begin XCBuildConfiguration section */
		12754014284A6A7D0082B208 /* Debug */ = {
			isa = XCBuildConfiguration;
			buildSettings = {
				ALWAYS_SEARCH_USER_PATHS = NO;
				CLANG_ANALYZER_NONNULL = YES;
				CLANG_ANALYZER_NUMBER_OBJECT_CONVERSION = YES_AGGRESSIVE;
				CLANG_CXX_LANGUAGE_STANDARD = "gnu++17";
				CLANG_ENABLE_MODULES = YES;
				CLANG_ENABLE_OBJC_ARC = YES;
				CLANG_ENABLE_OBJC_WEAK = YES;
				CLANG_WARN_BLOCK_CAPTURE_AUTORELEASING = YES;
				CLANG_WARN_BOOL_CONVERSION = YES;
				CLANG_WARN_COMMA = YES;
				CLANG_WARN_CONSTANT_CONVERSION = YES;
				CLANG_WARN_DEPRECATED_OBJC_IMPLEMENTATIONS = YES;
				CLANG_WARN_DIRECT_OBJC_ISA_USAGE = YES_ERROR;
				CLANG_WARN_DOCUMENTATION_COMMENTS = YES;
				CLANG_WARN_EMPTY_BODY = YES;
				CLANG_WARN_ENUM_CONVERSION = YES;
				CLANG_WARN_INFINITE_RECURSION = YES;
				CLANG_WARN_INT_CONVERSION = YES;
				CLANG_WARN_NON_LITERAL_NULL_CONVERSION = YES;
				CLANG_WARN_OBJC_IMPLICIT_RETAIN_SELF = YES;
				CLANG_WARN_OBJC_LITERAL_CONVERSION = YES;
				CLANG_WARN_OBJC_ROOT_CLASS = YES_ERROR;
				CLANG_WARN_QUOTED_INCLUDE_IN_FRAMEWORK_HEADER = YES;
				CLANG_WARN_RANGE_LOOP_ANALYSIS = YES;
				CLANG_WARN_STRICT_PROTOTYPES = YES;
				CLANG_WARN_SUSPICIOUS_MOVE = YES;
				CLANG_WARN_UNGUARDED_AVAILABILITY = YES_AGGRESSIVE;
				CLANG_WARN_UNREACHABLE_CODE = YES;
				CLANG_WARN__DUPLICATE_METHOD_MATCH = YES;
				COPY_PHASE_STRIP = NO;
				DEBUG_INFORMATION_FORMAT = dwarf;
				ENABLE_STRICT_OBJC_MSGSEND = YES;
				ENABLE_TESTABILITY = YES;
				GCC_C_LANGUAGE_STANDARD = gnu11;
				GCC_DYNAMIC_NO_PIC = NO;
				GCC_NO_COMMON_BLOCKS = YES;
				GCC_OPTIMIZATION_LEVEL = 0;
				GCC_PREPROCESSOR_DEFINITIONS = (
					"DEBUG=1",
					"$(inherited)",
				);
				GCC_WARN_64_TO_32_BIT_CONVERSION = YES;
				GCC_WARN_ABOUT_RETURN_TYPE = YES_ERROR;
				GCC_WARN_UNDECLARED_SELECTOR = YES;
				GCC_WARN_UNINITIALIZED_AUTOS = YES_AGGRESSIVE;
				GCC_WARN_UNUSED_FUNCTION = YES;
				GCC_WARN_UNUSED_VARIABLE = YES;
				MACOSX_DEPLOYMENT_TARGET = 11.0;
				MTL_ENABLE_DEBUG_INFO = INCLUDE_SOURCE;
				MTL_FAST_MATH = YES;
				ONLY_ACTIVE_ARCH = YES;
				SDKROOT = macosx;
				SWIFT_ACTIVE_COMPILATION_CONDITIONS = DEBUG;
				SWIFT_OPTIMIZATION_LEVEL = "-Onone";
			};
			name = Debug;
		};
		12754015284A6A7D0082B208 /* Release */ = {
			isa = XCBuildConfiguration;
			buildSettings = {
				ALWAYS_SEARCH_USER_PATHS = NO;
				CLANG_ANALYZER_NONNULL = YES;
				CLANG_ANALYZER_NUMBER_OBJECT_CONVERSION = YES_AGGRESSIVE;
				CLANG_CXX_LANGUAGE_STANDARD = "gnu++17";
				CLANG_ENABLE_MODULES = YES;
				CLANG_ENABLE_OBJC_ARC = YES;
				CLANG_ENABLE_OBJC_WEAK = YES;
				CLANG_WARN_BLOCK_CAPTURE_AUTORELEASING = YES;
				CLANG_WARN_BOOL_CONVERSION = YES;
				CLANG_WARN_COMMA = YES;
				CLANG_WARN_CONSTANT_CONVERSION = YES;
				CLANG_WARN_DEPRECATED_OBJC_IMPLEMENTATIONS = YES;
				CLANG_WARN_DIRECT_OBJC_ISA_USAGE = YES_ERROR;
				CLANG_WARN_DOCUMENTATION_COMMENTS = YES;
				CLANG_WARN_EMPTY_BODY = YES;
				CLANG_WARN_ENUM_CONVERSION = YES;
				CLANG_WARN_INFINITE_RECURSION = YES;
				CLANG_WARN_INT_CONVERSION = YES;
				CLANG_WARN_NON_LITERAL_NULL_CONVERSION = YES;
				CLANG_WARN_OBJC_IMPLICIT_RETAIN_SELF = YES;
				CLANG_WARN_OBJC_LITERAL_CONVERSION = YES;
				CLANG_WARN_OBJC_ROOT_CLASS = YES_ERROR;
				CLANG_WARN_QUOTED_INCLUDE_IN_FRAMEWORK_HEADER = YES;
				CLANG_WARN_RANGE_LOOP_ANALYSIS = YES;
				CLANG_WARN_STRICT_PROTOTYPES = YES;
				CLANG_WARN_SUSPICIOUS_MOVE = YES;
				CLANG_WARN_UNGUARDED_AVAILABILITY = YES_AGGRESSIVE;
				CLANG_WARN_UNREACHABLE_CODE = YES;
				CLANG_WARN__DUPLICATE_METHOD_MATCH = YES;
				COPY_PHASE_STRIP = NO;
				DEBUG_INFORMATION_FORMAT = "dwarf-with-dsym";
				ENABLE_NS_ASSERTIONS = NO;
				ENABLE_STRICT_OBJC_MSGSEND = YES;
				GCC_C_LANGUAGE_STANDARD = gnu11;
				GCC_NO_COMMON_BLOCKS = YES;
				GCC_WARN_64_TO_32_BIT_CONVERSION = YES;
				GCC_WARN_ABOUT_RETURN_TYPE = YES_ERROR;
				GCC_WARN_UNDECLARED_SELECTOR = YES;
				GCC_WARN_UNINITIALIZED_AUTOS = YES_AGGRESSIVE;
				GCC_WARN_UNUSED_FUNCTION = YES;
				GCC_WARN_UNUSED_VARIABLE = YES;
				MACOSX_DEPLOYMENT_TARGET = 11.0;
				MTL_ENABLE_DEBUG_INFO = NO;
				MTL_FAST_MATH = YES;
				SDKROOT = macosx;
				SWIFT_COMPILATION_MODE = wholemodule;
				SWIFT_OPTIMIZATION_LEVEL = "-O";
			};
			name = Release;
		};
		12754017284A6A7D0082B208 /* Debug */ = {
			isa = XCBuildConfiguration;
			buildSettings = {
				ASSETCATALOG_COMPILER_APPICON_NAME = AppIcon;
				ASSETCATALOG_COMPILER_GLOBAL_ACCENT_COLOR_NAME = AccentColor;
				CODE_SIGN_ENTITLEMENTS = MetadataExplorer/MetadataExplorer.entitlements;
				CODE_SIGN_STYLE = Automatic;
				COMBINE_HIDPI_IMAGES = YES;
				CURRENT_PROJECT_VERSION = 1;
				DEVELOPMENT_ASSET_PATHS = "\"MetadataExplorer/Preview Content\"";
				DEVELOPMENT_TEAM = 3X69W4AQD6;
				ENABLE_HARDENED_RUNTIME = YES;
				ENABLE_PREVIEWS = YES;
				GENERATE_INFOPLIST_FILE = YES;
				INFOPLIST_KEY_LSApplicationCategoryType = "public.app-category.developer-tools";
				INFOPLIST_KEY_NSHumanReadableCopyright = "";
				LD_RUNPATH_SEARCH_PATHS = (
					"$(inherited)",
					"@executable_path/../Frameworks",
				);
				MACOSX_DEPLOYMENT_TARGET = 11.0;
				MARKETING_VERSION = 1.0;
				PRODUCT_BUNDLE_IDENTIFIER = "com.vincent-neo.MetadataExplorer";
				PRODUCT_NAME = "$(TARGET_NAME)";
				SWIFT_EMIT_LOC_STRINGS = YES;
				SWIFT_VERSION = 5.0;
			};
			name = Debug;
		};
		12754018284A6A7D0082B208 /* Release */ = {
			isa = XCBuildConfiguration;
			buildSettings = {
				ASSETCATALOG_COMPILER_APPICON_NAME = AppIcon;
				ASSETCATALOG_COMPILER_GLOBAL_ACCENT_COLOR_NAME = AccentColor;
				CODE_SIGN_ENTITLEMENTS = MetadataExplorer/MetadataExplorer.entitlements;
				CODE_SIGN_STYLE = Automatic;
				COMBINE_HIDPI_IMAGES = YES;
				CURRENT_PROJECT_VERSION = 1;
				DEVELOPMENT_ASSET_PATHS = "\"MetadataExplorer/Preview Content\"";
				DEVELOPMENT_TEAM = 3X69W4AQD6;
				ENABLE_HARDENED_RUNTIME = YES;
				ENABLE_PREVIEWS = YES;
				GENERATE_INFOPLIST_FILE = YES;
				INFOPLIST_KEY_LSApplicationCategoryType = "public.app-category.developer-tools";
				INFOPLIST_KEY_NSHumanReadableCopyright = "";
				LD_RUNPATH_SEARCH_PATHS = (
					"$(inherited)",
					"@executable_path/../Frameworks",
				);
				MACOSX_DEPLOYMENT_TARGET = 11.0;
				MARKETING_VERSION = 1.0;
				PRODUCT_BUNDLE_IDENTIFIER = "com.vincent-neo.MetadataExplorer";
				PRODUCT_NAME = "$(TARGET_NAME)";
				SWIFT_EMIT_LOC_STRINGS = YES;
				SWIFT_VERSION = 5.0;
			};
			name = Release;
		};
/* End XCBuildConfiguration section */

/* Begin XCConfigurationList section */
		12754002284A6A7B0082B208 /* Build configuration list for PBXProject "MetadataExplorer" */ = {
			isa = XCConfigurationList;
			buildConfigurations = (
				12754014284A6A7D0082B208 /* Debug */,
				12754015284A6A7D0082B208 /* Release */,
			);
			defaultConfigurationIsVisible = 0;
			defaultConfigurationName = Release;
		};
		12754016284A6A7D0082B208 /* Build configuration list for PBXNativeTarget "MetadataExplorer" */ = {
			isa = XCConfigurationList;
			buildConfigurations = (
				12754017284A6A7D0082B208 /* Debug */,
				12754018284A6A7D0082B208 /* Release */,
			);
			defaultConfigurationIsVisible = 0;
			defaultConfigurationName = Release;
		};
/* End XCConfigurationList section */
	};
	rootObject = 12753FFF284A6A7B0082B208 /* Project object */;
}
